
Microsoft Visual Studio Solution File, Format Version 12.00
# Visual Studio Version 17
VisualStudioVersion = 17.4.33110.190
MinimumVisualStudioVersion = 10.0.40219.1
Project("{FAE04EC0-301F-11D3-BF4B-00C04F79EFBC}") = "ExercicioCursoCsharp1", "ExercicioCursoCsharp1\ExercicioCursoCsharp1.csproj", "{DC3AAB67-7D48-4C09-91A9-F766F0797417}"
EndProject
Global
	GlobalSection(SolutionConfigurationPlatforms) = preSolution
		Debug|Any CPU = Debug|Any CPU
		Release|Any CPU = Release|Any CPU
	EndGlobalSection
	GlobalSection(ProjectConfigurationPlatforms) = postSolution
		{DC3AAB67-7D48-4C09-91A9-F766F0797417}.Debug|Any CPU.ActiveCfg = Debug|Any CPU
		{DC3AAB67-7D48-4C09-91A9-F766F0797417}.Debug|Any CPU.Build.0 = Debug|Any CPU
		{DC3AAB67-7D48-4C09-91A9-F766F0797417}.Release|Any CPU.ActiveCfg = Release|Any CPU
		{DC3AAB67-7D48-4C09-91A9-F766F0797417}.Release|Any CPU.Build.0 = Release|Any CPU
	EndGlobalSection
	GlobalSection(SolutionProperties) = preSolution
		HideSolutionNode = FALSE
	EndGlobalSection
	GlobalSection(ExtensibilityGlobals) = postSolution
		SolutionGuid = {074EFA48-98BE-4785-B468-F04C24C43293}
	EndGlobalSection
EndGlobal
