
Microsoft Visual Studio Solution File, Format Version 12.00
# Visual Studio Version 17
VisualStudioVersion = 17.4.33205.214
MinimumVisualStudioVersion = 10.0.40219.1
Project("{FAE04EC0-301F-11D3-BF4B-00C04F79EFBC}") = "CalculadoraCompleta", "CalculadoraCompleta\CalculadoraCompleta.csproj", "{54B9E64B-B7CB-4708-B8B5-BFEA4ABF798B}"
EndProject
Global
	GlobalSection(SolutionConfigurationPlatforms) = preSolution
		Debug|Any CPU = Debug|Any CPU
		Release|Any CPU = Release|Any CPU
	EndGlobalSection
	GlobalSection(ProjectConfigurationPlatforms) = postSolution
		{54B9E64B-B7CB-4708-B8B5-BFEA4ABF798B}.Debug|Any CPU.ActiveCfg = Debug|Any CPU
		{54B9E64B-B7CB-4708-B8B5-BFEA4ABF798B}.Debug|Any CPU.Build.0 = Debug|Any CPU
		{54B9E64B-B7CB-4708-B8B5-BFEA4ABF798B}.Release|Any CPU.ActiveCfg = Release|Any CPU
		{54B9E64B-B7CB-4708-B8B5-BFEA4ABF798B}.Release|Any CPU.Build.0 = Release|Any CPU
	EndGlobalSection
	GlobalSection(SolutionProperties) = preSolution
		HideSolutionNode = FALSE
	EndGlobalSection
	GlobalSection(ExtensibilityGlobals) = postSolution
		SolutionGuid = {3AAC1BCC-0D46-4BEF-AAFC-F7AE50EC237F}
	EndGlobalSection
EndGlobal
