
Microsoft Visual Studio Solution File, Format Version 12.00
# Visual Studio Version 17
VisualStudioVersion = 17.7.34031.279
MinimumVisualStudioVersion = 10.0.40219.1
Project("{FAE04EC0-301F-11D3-BF4B-00C04F79EFBC}") = "Condicional", "Condicional\Condicional.csproj", "{BF831C64-B776-4B60-A143-F1AC35F1C4B2}"
EndProject
Global
	GlobalSection(SolutionConfigurationPlatforms) = preSolution
		Debug|Any CPU = Debug|Any CPU
		Release|Any CPU = Release|Any CPU
	EndGlobalSection
	GlobalSection(ProjectConfigurationPlatforms) = postSolution
		{BF831C64-B776-4B60-A143-F1AC35F1C4B2}.Debug|Any CPU.ActiveCfg = Debug|Any CPU
		{BF831C64-B776-4B60-A143-F1AC35F1C4B2}.Debug|Any CPU.Build.0 = Debug|Any CPU
		{BF831C64-B776-4B60-A143-F1AC35F1C4B2}.Release|Any CPU.ActiveCfg = Release|Any CPU
		{BF831C64-B776-4B60-A143-F1AC35F1C4B2}.Release|Any CPU.Build.0 = Release|Any CPU
	EndGlobalSection
	GlobalSection(SolutionProperties) = preSolution
		HideSolutionNode = FALSE
	EndGlobalSection
	GlobalSection(ExtensibilityGlobals) = postSolution
		SolutionGuid = {40642EE6-0195-4705-AFF5-2BE57232B656}
	EndGlobalSection
EndGlobal
