
Microsoft Visual Studio Solution File, Format Version 12.00
# Visual Studio Version 17
VisualStudioVersion = 17.4.33110.190
MinimumVisualStudioVersion = 10.0.40219.1
Project("{FAE04EC0-301F-11D3-BF4B-00C04F79EFBC}") = "ExerciciosWhileProva", "ExerciciosWhileProva\ExerciciosWhileProva.csproj", "{1238E16E-4013-408D-A85E-ED27D103CB6C}"
EndProject
Global
	GlobalSection(SolutionConfigurationPlatforms) = preSolution
		Debug|Any CPU = Debug|Any CPU
		Release|Any CPU = Release|Any CPU
	EndGlobalSection
	GlobalSection(ProjectConfigurationPlatforms) = postSolution
		{1238E16E-4013-408D-A85E-ED27D103CB6C}.Debug|Any CPU.ActiveCfg = Debug|Any CPU
		{1238E16E-4013-408D-A85E-ED27D103CB6C}.Debug|Any CPU.Build.0 = Debug|Any CPU
		{1238E16E-4013-408D-A85E-ED27D103CB6C}.Release|Any CPU.ActiveCfg = Release|Any CPU
		{1238E16E-4013-408D-A85E-ED27D103CB6C}.Release|Any CPU.Build.0 = Release|Any CPU
	EndGlobalSection
	GlobalSection(SolutionProperties) = preSolution
		HideSolutionNode = FALSE
	EndGlobalSection
	GlobalSection(ExtensibilityGlobals) = postSolution
		SolutionGuid = {FD6D34D2-930C-4C62-BB64-ED09895AB749}
	EndGlobalSection
EndGlobal
