
Microsoft Visual Studio Solution File, Format Version 12.00
# Visual Studio Version 17
VisualStudioVersion = 17.4.33205.214
MinimumVisualStudioVersion = 10.0.40219.1
Project("{FAE04EC0-301F-11D3-BF4B-00C04F79EFBC}") = "ExerciciosMembrosEstaticos", "ExerciciosMembrosEstaticos\ExerciciosMembrosEstaticos.csproj", "{12D48705-545D-45EC-A491-C63810A2008D}"
EndProject
Global
	GlobalSection(SolutionConfigurationPlatforms) = preSolution
		Debug|Any CPU = Debug|Any CPU
		Release|Any CPU = Release|Any CPU
	EndGlobalSection
	GlobalSection(ProjectConfigurationPlatforms) = postSolution
		{12D48705-545D-45EC-A491-C63810A2008D}.Debug|Any CPU.ActiveCfg = Debug|Any CPU
		{12D48705-545D-45EC-A491-C63810A2008D}.Debug|Any CPU.Build.0 = Debug|Any CPU
		{12D48705-545D-45EC-A491-C63810A2008D}.Release|Any CPU.ActiveCfg = Release|Any CPU
		{12D48705-545D-45EC-A491-C63810A2008D}.Release|Any CPU.Build.0 = Release|Any CPU
	EndGlobalSection
	GlobalSection(SolutionProperties) = preSolution
		HideSolutionNode = FALSE
	EndGlobalSection
	GlobalSection(ExtensibilityGlobals) = postSolution
		SolutionGuid = {8B9C8075-9A82-4D6F-9B57-3BA3D4F69B65}
	EndGlobalSection
EndGlobal
