
Microsoft Visual Studio Solution File, Format Version 12.00
# Visual Studio Version 17
VisualStudioVersion = 17.4.33110.190
MinimumVisualStudioVersion = 10.0.40219.1
Project("{FAE04EC0-301F-11D3-BF4B-00C04F79EFBC}") = "PraticaFor", "PraticaFor\PraticaFor.csproj", "{411F119B-AAA1-430C-BF7D-DDB3DBAA4C7B}"
EndProject
Global
	GlobalSection(SolutionConfigurationPlatforms) = preSolution
		Debug|Any CPU = Debug|Any CPU
		Release|Any CPU = Release|Any CPU
	EndGlobalSection
	GlobalSection(ProjectConfigurationPlatforms) = postSolution
		{411F119B-AAA1-430C-BF7D-DDB3DBAA4C7B}.Debug|Any CPU.ActiveCfg = Debug|Any CPU
		{411F119B-AAA1-430C-BF7D-DDB3DBAA4C7B}.Debug|Any CPU.Build.0 = Debug|Any CPU
		{411F119B-AAA1-430C-BF7D-DDB3DBAA4C7B}.Release|Any CPU.ActiveCfg = Release|Any CPU
		{411F119B-AAA1-430C-BF7D-DDB3DBAA4C7B}.Release|Any CPU.Build.0 = Release|Any CPU
	EndGlobalSection
	GlobalSection(SolutionProperties) = preSolution
		HideSolutionNode = FALSE
	EndGlobalSection
	GlobalSection(ExtensibilityGlobals) = postSolution
		SolutionGuid = {27F5B025-1969-40D4-A66F-E57388A1245F}
	EndGlobalSection
EndGlobal
