
Microsoft Visual Studio Solution File, Format Version 12.00
# Visual Studio Version 17
VisualStudioVersion = 17.8.34330.188
MinimumVisualStudioVersion = 10.0.40219.1
Project("{FAE04EC0-301F-11D3-BF4B-00C04F79EFBC}") = "ExercicioArquivos", "ExercicioArquivos\ExercicioArquivos.csproj", "{7DA23289-93F5-4E06-8EF6-E3F4CAD582B5}"
EndProject
Global
	GlobalSection(SolutionConfigurationPlatforms) = preSolution
		Debug|Any CPU = Debug|Any CPU
		Release|Any CPU = Release|Any CPU
	EndGlobalSection
	GlobalSection(ProjectConfigurationPlatforms) = postSolution
		{7DA23289-93F5-4E06-8EF6-E3F4CAD582B5}.Debug|Any CPU.ActiveCfg = Debug|Any CPU
		{7DA23289-93F5-4E06-8EF6-E3F4CAD582B5}.Debug|Any CPU.Build.0 = Debug|Any CPU
		{7DA23289-93F5-4E06-8EF6-E3F4CAD582B5}.Release|Any CPU.ActiveCfg = Release|Any CPU
		{7DA23289-93F5-4E06-8EF6-E3F4CAD582B5}.Release|Any CPU.Build.0 = Release|Any CPU
	EndGlobalSection
	GlobalSection(SolutionProperties) = preSolution
		HideSolutionNode = FALSE
	EndGlobalSection
	GlobalSection(ExtensibilityGlobals) = postSolution
		SolutionGuid = {464B89DF-C4DB-4282-A0FC-09A6D2DF7F03}
	EndGlobalSection
EndGlobal
