
Microsoft Visual Studio Solution File, Format Version 12.00
# Visual Studio Version 17
VisualStudioVersion = 17.8.34330.188
MinimumVisualStudioVersion = 10.0.40219.1
Project("{FAE04EC0-301F-11D3-BF4B-00C04F79EFBC}") = "ExercicioMetodosAbstratos", "ExercicioMetodosAbstratos\ExercicioMetodosAbstratos.csproj", "{B18F2F60-DC1E-4B3F-AE98-83E25350DA84}"
EndProject
Global
	GlobalSection(SolutionConfigurationPlatforms) = preSolution
		Debug|Any CPU = Debug|Any CPU
		Release|Any CPU = Release|Any CPU
	EndGlobalSection
	GlobalSection(ProjectConfigurationPlatforms) = postSolution
		{B18F2F60-DC1E-4B3F-AE98-83E25350DA84}.Debug|Any CPU.ActiveCfg = Debug|Any CPU
		{B18F2F60-DC1E-4B3F-AE98-83E25350DA84}.Debug|Any CPU.Build.0 = Debug|Any CPU
		{B18F2F60-DC1E-4B3F-AE98-83E25350DA84}.Release|Any CPU.ActiveCfg = Release|Any CPU
		{B18F2F60-DC1E-4B3F-AE98-83E25350DA84}.Release|Any CPU.Build.0 = Release|Any CPU
	EndGlobalSection
	GlobalSection(SolutionProperties) = preSolution
		HideSolutionNode = FALSE
	EndGlobalSection
	GlobalSection(ExtensibilityGlobals) = postSolution
		SolutionGuid = {F16C3517-B426-4BFF-ADAF-87718C6E57E6}
	EndGlobalSection
EndGlobal
