
Microsoft Visual Studio Solution File, Format Version 12.00
# Visual Studio Version 17
VisualStudioVersion = 17.7.34221.43
MinimumVisualStudioVersion = 10.0.40219.1
Project("{FAE04EC0-301F-11D3-BF4B-00C04F79EFBC}") = "FuncoesString", "FuncoesString\FuncoesString.csproj", "{3BDF2A75-BA1F-47FC-A601-CD47C2FA46BD}"
EndProject
Global
	GlobalSection(SolutionConfigurationPlatforms) = preSolution
		Debug|Any CPU = Debug|Any CPU
		Release|Any CPU = Release|Any CPU
	EndGlobalSection
	GlobalSection(ProjectConfigurationPlatforms) = postSolution
		{3BDF2A75-BA1F-47FC-A601-CD47C2FA46BD}.Debug|Any CPU.ActiveCfg = Debug|Any CPU
		{3BDF2A75-BA1F-47FC-A601-CD47C2FA46BD}.Debug|Any CPU.Build.0 = Debug|Any CPU
		{3BDF2A75-BA1F-47FC-A601-CD47C2FA46BD}.Release|Any CPU.ActiveCfg = Release|Any CPU
		{3BDF2A75-BA1F-47FC-A601-CD47C2FA46BD}.Release|Any CPU.Build.0 = Release|Any CPU
	EndGlobalSection
	GlobalSection(SolutionProperties) = preSolution
		HideSolutionNode = FALSE
	EndGlobalSection
	GlobalSection(ExtensibilityGlobals) = postSolution
		SolutionGuid = {E470288D-670C-4580-BAC4-85FFFADEE081}
	EndGlobalSection
EndGlobal
